// !$*UTF8*$!
{
	archiveVersion = 1;
	classes = {
	};
	objectVersion = 46;
	objects = {

/* Begin PBXBuildFile section */
		3622FEB61DE07CFA007B9A52 /* ALView+PureLayout.m in Sources */ = {isa = PBXBuildFile; fileRef = 3622FEAE1DE07CFA007B9A52 /* ALView+PureLayout.m */; };
		3622FEB71DE07CFA007B9A52 /* NSArray+PureLayout.m in Sources */ = {isa = PBXBuildFile; fileRef = 3622FEB01DE07CFA007B9A52 /* NSArray+PureLayout.m */; };
		3622FEB81DE07CFA007B9A52 /* NSLayoutConstraint+PureLayout.m in Sources */ = {isa = PBXBuildFile; fileRef = 3622FEB21DE07CFA007B9A52 /* NSLayoutConstraint+PureLayout.m */; };
		363856891DE340FE0052B0F9 /* ServerInfoViewController.m in Sources */ = {isa = PBXBuildFile; fileRef = 363856871DE340FE0052B0F9 /* ServerInfoViewController.m */; };
		3638568A1DE340FE0052B0F9 /* ServerInfoViewController.xib in Resources */ = {isa = PBXBuildFile; fileRef = 363856881DE340FE0052B0F9 /* ServerInfoViewController.xib */; };
		A1195C581E69A22300535E11 /* EasyResolutionViewController.m in Sources */ = {isa = PBXBuildFile; fileRef = A1195C561E69A22300535E11 /* EasyResolutionViewController.m */; };
		A1195C591E69A22300535E11 /* EasyResolutionViewController.xib in Resources */ = {isa = PBXBuildFile; fileRef = A1195C571E69A22300535E11 /* EasyResolutionViewController.xib */; };
		A1195C5D1E6A6FE200535E11 /* EasyDarwinInfoViewController.m in Sources */ = {isa = PBXBuildFile; fileRef = A1195C5B1E6A6FE200535E11 /* EasyDarwinInfoViewController.m */; };
		A1195C5E1E6A6FE200535E11 /* EasyDarwinInfoViewController.xib in Resources */ = {isa = PBXBuildFile; fileRef = A1195C5C1E6A6FE200535E11 /* EasyDarwinInfoViewController.xib */; };
		A1195D251E73A1BD00535E11 /* CoreTelephony.framework in Frameworks */ = {isa = PBXBuildFile; fileRef = A1195D241E73A1BD00535E11 /* CoreTelephony.framework */; };
		A1195D291E73D43200535E11 /* NoNetNotifieViewController.m in Sources */ = {isa = PBXBuildFile; fileRef = A1195D271E73D43200535E11 /* NoNetNotifieViewController.m */; };
		A1195D2F1E73D81E00535E11 /* NoNetTableViewCell.m in Sources */ = {isa = PBXBuildFile; fileRef = A1195D2D1E73D81E00535E11 /* NoNetTableViewCell.m */; };
		A1195D301E73D81E00535E11 /* NoNetTableViewCell.xib in Resources */ = {isa = PBXBuildFile; fileRef = A1195D2E1E73D81E00535E11 /* NoNetTableViewCell.xib */; };
		A175F55B1E24D32F00C76B21 /* EasySetingViewController.m in Sources */ = {isa = PBXBuildFile; fileRef = A175F55A1E24D32F00C76B21 /* EasySetingViewController.m */; };
		A17DCC9B1E98959600230574 /* EasyRTMP.png in Resources */ = {isa = PBXBuildFile; fileRef = A17DCC9A1E98959600230574 /* EasyRTMP.png */; };
		A1CBFC4B1E4F099900588740 /* AVFoundation.framework in Frameworks */ = {isa = PBXBuildFile; fileRef = A1CBFC4A1E4F099900588740 /* AVFoundation.framework */; };
		A1DBC62B1E8BA7EA001E25E8 /* libc++.tbd in Frameworks */ = {isa = PBXBuildFile; fileRef = A1DBC62A1E8BA7EA001E25E8 /* libc++.tbd */; };
		A1DBC6311E8BA886001E25E8 /* CFNetwork.framework in Frameworks */ = {isa = PBXBuildFile; fileRef = A1DBC6301E8BA886001E25E8 /* CFNetwork.framework */; };
		A1DBC6331E8BA8F8001E25E8 /* libicucore.tbd in Frameworks */ = {isa = PBXBuildFile; fileRef = A1DBC6321E8BA8F8001E25E8 /* libicucore.tbd */; };
		A1DBC6351E8BA90A001E25E8 /* libiconv.tbd in Frameworks */ = {isa = PBXBuildFile; fileRef = A1DBC6341E8BA90A001E25E8 /* libiconv.tbd */; };
		A1DBC6361E8BA91C001E25E8 /* libz.tbd in Frameworks */ = {isa = PBXBuildFile; fileRef = A1DBC62E1E8BA869001E25E8 /* libz.tbd */; };
		A1DBC6381E8BA92C001E25E8 /* libbz2.tbd in Frameworks */ = {isa = PBXBuildFile; fileRef = A1DBC6371E8BA92C001E25E8 /* libbz2.tbd */; };
		A1DBC63A1E8BA93C001E25E8 /* AudioToolbox.framework in Frameworks */ = {isa = PBXBuildFile; fileRef = A1DBC6391E8BA93C001E25E8 /* AudioToolbox.framework */; };
		A1DBC63C1E8BA94A001E25E8 /* VideoToolbox.framework in Frameworks */ = {isa = PBXBuildFile; fileRef = A1DBC63B1E8BA94A001E25E8 /* VideoToolbox.framework */; };
		A1DBC63E1E8BA95A001E25E8 /* SystemConfiguration.framework in Frameworks */ = {isa = PBXBuildFile; fileRef = A1DBC63D1E8BA95A001E25E8 /* SystemConfiguration.framework */; };
		A1DBC6551E8BDFE0001E25E8 /* Foundation.framework in Frameworks */ = {isa = PBXBuildFile; fileRef = A1DBC6541E8BDFE0001E25E8 /* Foundation.framework */; };
		A1DBC69F1E8C90BB001E25E8 /* libEasyRTMP.a in Frameworks */ = {isa = PBXBuildFile; fileRef = A1DBC69E1E8C90BB001E25E8 /* libEasyRTMP.a */; };
		F6C5102F1D858306001EB536 /* main.m in Sources */ = {isa = PBXBuildFile; fileRef = F6C5102E1D858306001EB536 /* main.m */; };
		F6C510321D858306001EB536 /* AppDelegate.m in Sources */ = {isa = PBXBuildFile; fileRef = F6C510311D858306001EB536 /* AppDelegate.m */; };
		F6C510351D858306001EB536 /* ViewController.m in Sources */ = {isa = PBXBuildFile; fileRef = F6C510341D858306001EB536 /* ViewController.m */; };
		F6C510381D858306001EB536 /* Main.storyboard in Resources */ = {isa = PBXBuildFile; fileRef = F6C510361D858306001EB536 /* Main.storyboard */; };
		F6C5103A1D858306001EB536 /* Assets.xcassets in Resources */ = {isa = PBXBuildFile; fileRef = F6C510391D858306001EB536 /* Assets.xcassets */; };
		F6C5103D1D858306001EB536 /* LaunchScreen.storyboard in Resources */ = {isa = PBXBuildFile; fileRef = F6C5103B1D858306001EB536 /* LaunchScreen.storyboard */; };
		F6C510631D8669DA001EB536 /* AACEncoder.m in Sources */ = {isa = PBXBuildFile; fileRef = F6C5105C1D8669DA001EB536 /* AACEncoder.m */; };
		F6C510641D8669DA001EB536 /* H264HWDecoder.m in Sources */ = {isa = PBXBuildFile; fileRef = F6C5105E1D8669DA001EB536 /* H264HWDecoder.m */; };
		F6C510651D8669DA001EB536 /* H264HWEncoder.m in Sources */ = {isa = PBXBuildFile; fileRef = F6C510601D8669DA001EB536 /* H264HWEncoder.m */; };
		F6C510661D8669DA001EB536 /* H264Packet.m in Sources */ = {isa = PBXBuildFile; fileRef = F6C510621D8669DA001EB536 /* H264Packet.m */; };
		F6C510711D880B76001EB536 /* CameraEncoder.m in Sources */ = {isa = PBXBuildFile; fileRef = F6C510701D880B76001EB536 /* CameraEncoder.m */; };
/* End PBXBuildFile section */

/* Begin PBXFileReference section */
		3622FEAD1DE07CFA007B9A52 /* ALView+PureLayout.h */ = {isa = PBXFileReference; fileEncoding = 4; lastKnownFileType = sourcecode.c.h; path = "ALView+PureLayout.h"; sourceTree = "<group>"; };
		3622FEAE1DE07CFA007B9A52 /* ALView+PureLayout.m */ = {isa = PBXFileReference; fileEncoding = 4; lastKnownFileType = sourcecode.c.objc; path = "ALView+PureLayout.m"; sourceTree = "<group>"; };
		3622FEAF1DE07CFA007B9A52 /* NSArray+PureLayout.h */ = {isa = PBXFileReference; fileEncoding = 4; lastKnownFileType = sourcecode.c.h; path = "NSArray+PureLayout.h"; sourceTree = "<group>"; };
		3622FEB01DE07CFA007B9A52 /* NSArray+PureLayout.m */ = {isa = PBXFileReference; fileEncoding = 4; lastKnownFileType = sourcecode.c.objc; path = "NSArray+PureLayout.m"; sourceTree = "<group>"; };
		3622FEB11DE07CFA007B9A52 /* NSLayoutConstraint+PureLayout.h */ = {isa = PBXFileReference; fileEncoding = 4; lastKnownFileType = sourcecode.c.h; path = "NSLayoutConstraint+PureLayout.h"; sourceTree = "<group>"; };
		3622FEB21DE07CFA007B9A52 /* NSLayoutConstraint+PureLayout.m */ = {isa = PBXFileReference; fileEncoding = 4; lastKnownFileType = sourcecode.c.objc; path = "NSLayoutConstraint+PureLayout.m"; sourceTree = "<group>"; };
		3622FEB31DE07CFA007B9A52 /* PureLayout+Internal.h */ = {isa = PBXFileReference; fileEncoding = 4; lastKnownFileType = sourcecode.c.h; path = "PureLayout+Internal.h"; sourceTree = "<group>"; };
		3622FEB41DE07CFA007B9A52 /* PureLayout.h */ = {isa = PBXFileReference; fileEncoding = 4; lastKnownFileType = sourcecode.c.h; path = PureLayout.h; sourceTree = "<group>"; };
		3622FEB51DE07CFA007B9A52 /* PureLayoutDefines.h */ = {isa = PBXFileReference; fileEncoding = 4; lastKnownFileType = sourcecode.c.h; path = PureLayoutDefines.h; sourceTree = "<group>"; };
		363856861DE340FE0052B0F9 /* ServerInfoViewController.h */ = {isa = PBXFileReference; fileEncoding = 4; lastKnownFileType = sourcecode.c.h; name = ServerInfoViewController.h; path = EasyRTMP/ServerInfoViewController.h; sourceTree = SOURCE_ROOT; };
		363856871DE340FE0052B0F9 /* ServerInfoViewController.m */ = {isa = PBXFileReference; fileEncoding = 4; lastKnownFileType = sourcecode.c.objc; name = ServerInfoViewController.m; path = EasyRTMP/ServerInfoViewController.m; sourceTree = SOURCE_ROOT; };
		363856881DE340FE0052B0F9 /* ServerInfoViewController.xib */ = {isa = PBXFileReference; fileEncoding = 4; lastKnownFileType = file.xib; name = ServerInfoViewController.xib; path = EasyRTMP/ServerInfoViewController.xib; sourceTree = SOURCE_ROOT; };
		A1195C551E69A22300535E11 /* EasyResolutionViewController.h */ = {isa = PBXFileReference; fileEncoding = 4; lastKnownFileType = sourcecode.c.h; path = EasyResolutionViewController.h; sourceTree = "<group>"; };
		A1195C561E69A22300535E11 /* EasyResolutionViewController.m */ = {isa = PBXFileReference; fileEncoding = 4; lastKnownFileType = sourcecode.c.objc; path = EasyResolutionViewController.m; sourceTree = "<group>"; };
		A1195C571E69A22300535E11 /* EasyResolutionViewController.xib */ = {isa = PBXFileReference; fileEncoding = 4; lastKnownFileType = file.xib; path = EasyResolutionViewController.xib; sourceTree = "<group>"; };
		A1195C5A1E6A6FE200535E11 /* EasyDarwinInfoViewController.h */ = {isa = PBXFileReference; fileEncoding = 4; lastKnownFileType = sourcecode.c.h; path = EasyDarwinInfoViewController.h; sourceTree = "<group>"; };
		A1195C5B1E6A6FE200535E11 /* EasyDarwinInfoViewController.m */ = {isa = PBXFileReference; fileEncoding = 4; lastKnownFileType = sourcecode.c.objc; path = EasyDarwinInfoViewController.m; sourceTree = "<group>"; };
		A1195C5C1E6A6FE200535E11 /* EasyDarwinInfoViewController.xib */ = {isa = PBXFileReference; fileEncoding = 4; lastKnownFileType = file.xib; path = EasyDarwinInfoViewController.xib; sourceTree = "<group>"; };
		A1195D241E73A1BD00535E11 /* CoreTelephony.framework */ = {isa = PBXFileReference; lastKnownFileType = wrapper.framework; name = CoreTelephony.framework; path = System/Library/Frameworks/CoreTelephony.framework; sourceTree = SDKROOT; };
		A1195D261E73D43200535E11 /* NoNetNotifieViewController.h */ = {isa = PBXFileReference; fileEncoding = 4; lastKnownFileType = sourcecode.c.h; path = NoNetNotifieViewController.h; sourceTree = "<group>"; };
		A1195D271E73D43200535E11 /* NoNetNotifieViewController.m */ = {isa = PBXFileReference; fileEncoding = 4; lastKnownFileType = sourcecode.c.objc; path = NoNetNotifieViewController.m; sourceTree = "<group>"; };
		A1195D2C1E73D81E00535E11 /* NoNetTableViewCell.h */ = {isa = PBXFileReference; fileEncoding = 4; lastKnownFileType = sourcecode.c.h; path = NoNetTableViewCell.h; sourceTree = "<group>"; };
		A1195D2D1E73D81E00535E11 /* NoNetTableViewCell.m */ = {isa = PBXFileReference; fileEncoding = 4; lastKnownFileType = sourcecode.c.objc; path = NoNetTableViewCell.m; sourceTree = "<group>"; };
		A1195D2E1E73D81E00535E11 /* NoNetTableViewCell.xib */ = {isa = PBXFileReference; fileEncoding = 4; lastKnownFileType = file.xib; path = NoNetTableViewCell.xib; sourceTree = "<group>"; };
		A175F5591E24D32F00C76B21 /* EasySetingViewController.h */ = {isa = PBXFileReference; fileEncoding = 4; lastKnownFileType = sourcecode.c.h; path = EasySetingViewController.h; sourceTree = "<group>"; };
		A175F55A1E24D32F00C76B21 /* EasySetingViewController.m */ = {isa = PBXFileReference; fileEncoding = 4; lastKnownFileType = sourcecode.c.objc; path = EasySetingViewController.m; sourceTree = "<group>"; };
		A17DCC9A1E98959600230574 /* EasyRTMP.png */ = {isa = PBXFileReference; lastKnownFileType = image.png; path = EasyRTMP.png; sourceTree = "<group>"; };
		A1CBFC4A1E4F099900588740 /* AVFoundation.framework */ = {isa = PBXFileReference; lastKnownFileType = wrapper.framework; name = AVFoundation.framework; path = System/Library/Frameworks/AVFoundation.framework; sourceTree = SDKROOT; };
		A1DBC62A1E8BA7EA001E25E8 /* libc++.tbd */ = {isa = PBXFileReference; lastKnownFileType = "sourcecode.text-based-dylib-definition"; name = "libc++.tbd"; path = "usr/lib/libc++.tbd"; sourceTree = SDKROOT; };
		A1DBC62C1E8BA833001E25E8 /* libstdc++.tbd */ = {isa = PBXFileReference; lastKnownFileType = "sourcecode.text-based-dylib-definition"; name = "libstdc++.tbd"; path = "usr/lib/libstdc++.tbd"; sourceTree = SDKROOT; };
		A1DBC62E1E8BA869001E25E8 /* libz.tbd */ = {isa = PBXFileReference; lastKnownFileType = "sourcecode.text-based-dylib-definition"; name = libz.tbd; path = usr/lib/libz.tbd; sourceTree = SDKROOT; };
		A1DBC6301E8BA886001E25E8 /* CFNetwork.framework */ = {isa = PBXFileReference; lastKnownFileType = wrapper.framework; name = CFNetwork.framework; path = System/Library/Frameworks/CFNetwork.framework; sourceTree = SDKROOT; };
		A1DBC6321E8BA8F8001E25E8 /* libicucore.tbd */ = {isa = PBXFileReference; lastKnownFileType = "sourcecode.text-based-dylib-definition"; name = libicucore.tbd; path = usr/lib/libicucore.tbd; sourceTree = SDKROOT; };
		A1DBC6341E8BA90A001E25E8 /* libiconv.tbd */ = {isa = PBXFileReference; lastKnownFileType = "sourcecode.text-based-dylib-definition"; name = libiconv.tbd; path = usr/lib/libiconv.tbd; sourceTree = SDKROOT; };
		A1DBC6371E8BA92C001E25E8 /* libbz2.tbd */ = {isa = PBXFileReference; lastKnownFileType = "sourcecode.text-based-dylib-definition"; name = libbz2.tbd; path = usr/lib/libbz2.tbd; sourceTree = SDKROOT; };
		A1DBC6391E8BA93C001E25E8 /* AudioToolbox.framework */ = {isa = PBXFileReference; lastKnownFileType = wrapper.framework; name = AudioToolbox.framework; path = System/Library/Frameworks/AudioToolbox.framework; sourceTree = SDKROOT; };
		A1DBC63B1E8BA94A001E25E8 /* VideoToolbox.framework */ = {isa = PBXFileReference; lastKnownFileType = wrapper.framework; name = VideoToolbox.framework; path = System/Library/Frameworks/VideoToolbox.framework; sourceTree = SDKROOT; };
		A1DBC63D1E8BA95A001E25E8 /* SystemConfiguration.framework */ = {isa = PBXFileReference; lastKnownFileType = wrapper.framework; name = SystemConfiguration.framework; path = System/Library/Frameworks/SystemConfiguration.framework; sourceTree = SDKROOT; };
		A1DBC6541E8BDFE0001E25E8 /* Foundation.framework */ = {isa = PBXFileReference; lastKnownFileType = wrapper.framework; name = Foundation.framework; path = System/Library/Frameworks/Foundation.framework; sourceTree = SDKROOT; };
		A1DBC69C1E8C90BB001E25E8 /* EasyRTMPAPI.h */ = {isa = PBXFileReference; fileEncoding = 4; lastKnownFileType = sourcecode.c.h; path = EasyRTMPAPI.h; sourceTree = "<group>"; };
		A1DBC69D1E8C90BB001E25E8 /* EasyTypes.h */ = {isa = PBXFileReference; fileEncoding = 4; lastKnownFileType = sourcecode.c.h; path = EasyTypes.h; sourceTree = "<group>"; };
		A1DBC69E1E8C90BB001E25E8 /* libEasyRTMP.a */ = {isa = PBXFileReference; lastKnownFileType = archive.ar; path = libEasyRTMP.a; sourceTree = "<group>"; };
		F6C5102A1D858306001EB536 /* EasyRTMP.app */ = {isa = PBXFileReference; explicitFileType = wrapper.application; includeInIndex = 0; path = EasyRTMP.app; sourceTree = BUILT_PRODUCTS_DIR; };
		F6C5102E1D858306001EB536 /* main.m */ = {isa = PBXFileReference; lastKnownFileType = sourcecode.c.objc; path = main.m; sourceTree = "<group>"; };
		F6C510301D858306001EB536 /* AppDelegate.h */ = {isa = PBXFileReference; lastKnownFileType = sourcecode.c.h; path = AppDelegate.h; sourceTree = "<group>"; };
		F6C510311D858306001EB536 /* AppDelegate.m */ = {isa = PBXFileReference; lastKnownFileType = sourcecode.c.objc; path = AppDelegate.m; sourceTree = "<group>"; };
		F6C510331D858306001EB536 /* ViewController.h */ = {isa = PBXFileReference; lastKnownFileType = sourcecode.c.h; path = ViewController.h; sourceTree = "<group>"; };
		F6C510341D858306001EB536 /* ViewController.m */ = {isa = PBXFileReference; lastKnownFileType = sourcecode.c.objc; path = ViewController.m; sourceTree = "<group>"; };
		F6C510371D858306001EB536 /* Base */ = {isa = PBXFileReference; lastKnownFileType = file.storyboard; name = Base; path = Base.lproj/Main.storyboard; sourceTree = "<group>"; };
		F6C510391D858306001EB536 /* Assets.xcassets */ = {isa = PBXFileReference; lastKnownFileType = folder.assetcatalog; path = Assets.xcassets; sourceTree = "<group>"; };
		F6C5103C1D858306001EB536 /* Base */ = {isa = PBXFileReference; lastKnownFileType = file.storyboard; name = Base; path = Base.lproj/LaunchScreen.storyboard; sourceTree = "<group>"; };
		F6C5103E1D858306001EB536 /* Info.plist */ = {isa = PBXFileReference; lastKnownFileType = text.plist.xml; path = Info.plist; sourceTree = "<group>"; };
		F6C5105B1D8669DA001EB536 /* AACEncoder.h */ = {isa = PBXFileReference; fileEncoding = 4; lastKnownFileType = sourcecode.c.h; path = AACEncoder.h; sourceTree = "<group>"; };
		F6C5105C1D8669DA001EB536 /* AACEncoder.m */ = {isa = PBXFileReference; fileEncoding = 4; lastKnownFileType = sourcecode.c.objc; path = AACEncoder.m; sourceTree = "<group>"; };
		F6C5105D1D8669DA001EB536 /* H264HWDecoder.h */ = {isa = PBXFileReference; fileEncoding = 4; lastKnownFileType = sourcecode.c.h; path = H264HWDecoder.h; sourceTree = "<group>"; };
		F6C5105E1D8669DA001EB536 /* H264HWDecoder.m */ = {isa = PBXFileReference; fileEncoding = 4; lastKnownFileType = sourcecode.c.objc; path = H264HWDecoder.m; sourceTree = "<group>"; };
		F6C5105F1D8669DA001EB536 /* H264HWEncoder.h */ = {isa = PBXFileReference; fileEncoding = 4; lastKnownFileType = sourcecode.c.h; path = H264HWEncoder.h; sourceTree = "<group>"; };
		F6C510601D8669DA001EB536 /* H264HWEncoder.m */ = {isa = PBXFileReference; fileEncoding = 4; lastKnownFileType = sourcecode.c.objc; path = H264HWEncoder.m; sourceTree = "<group>"; };
		F6C510611D8669DA001EB536 /* H264Packet.h */ = {isa = PBXFileReference; fileEncoding = 4; lastKnownFileType = sourcecode.c.h; path = H264Packet.h; sourceTree = "<group>"; };
		F6C510621D8669DA001EB536 /* H264Packet.m */ = {isa = PBXFileReference; fileEncoding = 4; lastKnownFileType = sourcecode.c.objc; path = H264Packet.m; sourceTree = "<group>"; };
		F6C5106F1D880B76001EB536 /* CameraEncoder.h */ = {isa = PBXFileReference; fileEncoding = 4; lastKnownFileType = sourcecode.c.h; path = CameraEncoder.h; sourceTree = "<group>"; };
		F6C510701D880B76001EB536 /* CameraEncoder.m */ = {isa = PBXFileReference; fileEncoding = 4; lastKnownFileType = sourcecode.c.objc; path = CameraEncoder.m; sourceTree = "<group>"; };
/* End PBXFileReference section */

/* Begin PBXFrameworksBuildPhase section */
		F6C510271D858306001EB536 /* Frameworks */ = {
			isa = PBXFrameworksBuildPhase;
			buildActionMask = 2147483647;
			files = (
				A1DBC6551E8BDFE0001E25E8 /* Foundation.framework in Frameworks */,
				A1DBC63E1E8BA95A001E25E8 /* SystemConfiguration.framework in Frameworks */,
				A1DBC63C1E8BA94A001E25E8 /* VideoToolbox.framework in Frameworks */,
				A1DBC63A1E8BA93C001E25E8 /* AudioToolbox.framework in Frameworks */,
				A1DBC6381E8BA92C001E25E8 /* libbz2.tbd in Frameworks */,
				A1DBC6361E8BA91C001E25E8 /* libz.tbd in Frameworks */,
				A1DBC6351E8BA90A001E25E8 /* libiconv.tbd in Frameworks */,
				A1DBC6331E8BA8F8001E25E8 /* libicucore.tbd in Frameworks */,
				A1DBC69F1E8C90BB001E25E8 /* libEasyRTMP.a in Frameworks */,
				A1DBC6311E8BA886001E25E8 /* CFNetwork.framework in Frameworks */,
				A1DBC62B1E8BA7EA001E25E8 /* libc++.tbd in Frameworks */,
				A1195D251E73A1BD00535E11 /* CoreTelephony.framework in Frameworks */,
				A1CBFC4B1E4F099900588740 /* AVFoundation.framework in Frameworks */,
			);
			runOnlyForDeploymentPostprocessing = 0;
		};
/* End PBXFrameworksBuildPhase section */

/* Begin PBXGroup section */
		3622FEAC1DE07CFA007B9A52 /* PureLayout */ = {
			isa = PBXGroup;
			children = (
				3622FEAD1DE07CFA007B9A52 /* ALView+PureLayout.h */,
				3622FEAE1DE07CFA007B9A52 /* ALView+PureLayout.m */,
				3622FEAF1DE07CFA007B9A52 /* NSArray+PureLayout.h */,
				3622FEB01DE07CFA007B9A52 /* NSArray+PureLayout.m */,
				3622FEB11DE07CFA007B9A52 /* NSLayoutConstraint+PureLayout.h */,
				3622FEB21DE07CFA007B9A52 /* NSLayoutConstraint+PureLayout.m */,
				3622FEB31DE07CFA007B9A52 /* PureLayout+Internal.h */,
				3622FEB41DE07CFA007B9A52 /* PureLayout.h */,
				3622FEB51DE07CFA007B9A52 /* PureLayoutDefines.h */,
			);
			path = PureLayout;
			sourceTree = "<group>";
		};
		A1CBFC491E4F099900588740 /* Frameworks */ = {
			isa = PBXGroup;
			children = (
				A1DBC6541E8BDFE0001E25E8 /* Foundation.framework */,
				A1DBC63D1E8BA95A001E25E8 /* SystemConfiguration.framework */,
				A1DBC63B1E8BA94A001E25E8 /* VideoToolbox.framework */,
				A1DBC6391E8BA93C001E25E8 /* AudioToolbox.framework */,
				A1DBC6371E8BA92C001E25E8 /* libbz2.tbd */,
				A1DBC6341E8BA90A001E25E8 /* libiconv.tbd */,
				A1DBC6321E8BA8F8001E25E8 /* libicucore.tbd */,
				A1DBC6301E8BA886001E25E8 /* CFNetwork.framework */,
				A1DBC62E1E8BA869001E25E8 /* libz.tbd */,
				A1DBC62C1E8BA833001E25E8 /* libstdc++.tbd */,
				A1DBC62A1E8BA7EA001E25E8 /* libc++.tbd */,
				A1195D241E73A1BD00535E11 /* CoreTelephony.framework */,
				A1CBFC4A1E4F099900588740 /* AVFoundation.framework */,
			);
			name = Frameworks;
			sourceTree = "<group>";
		};
		F6C510211D858306001EB536 = {
			isa = PBXGroup;
			children = (
				F6C5102C1D858306001EB536 /* EasyRTMP */,
				F6C5102B1D858306001EB536 /* Products */,
				A1CBFC491E4F099900588740 /* Frameworks */,
			);
			sourceTree = "<group>";
		};
		F6C5102B1D858306001EB536 /* Products */ = {
			isa = PBXGroup;
			children = (
				F6C5102A1D858306001EB536 /* EasyRTMP.app */,
			);
			name = Products;
			sourceTree = "<group>";
		};
		F6C5102C1D858306001EB536 /* EasyRTMP */ = {
			isa = PBXGroup;
			children = (
				A17DCC9A1E98959600230574 /* EasyRTMP.png */,
				F6C510491D865516001EB536 /* Encoder */,
				F6C510441D858319001EB536 /* EasyRTMPLib */,
				F6C510301D858306001EB536 /* AppDelegate.h */,
				F6C510311D858306001EB536 /* AppDelegate.m */,
				F6C510331D858306001EB536 /* ViewController.h */,
				F6C510341D858306001EB536 /* ViewController.m */,
				F6C510361D858306001EB536 /* Main.storyboard */,
				3622FEAC1DE07CFA007B9A52 /* PureLayout */,
				F6C510391D858306001EB536 /* Assets.xcassets */,
				F6C5103B1D858306001EB536 /* LaunchScreen.storyboard */,
				F6C5103E1D858306001EB536 /* Info.plist */,
				F6C5102D1D858306001EB536 /* Supporting Files */,
				A175F5591E24D32F00C76B21 /* EasySetingViewController.h */,
				A175F55A1E24D32F00C76B21 /* EasySetingViewController.m */,
				A1195C5A1E6A6FE200535E11 /* EasyDarwinInfoViewController.h */,
				A1195C5B1E6A6FE200535E11 /* EasyDarwinInfoViewController.m */,
				A1195C5C1E6A6FE200535E11 /* EasyDarwinInfoViewController.xib */,
				A1195D261E73D43200535E11 /* NoNetNotifieViewController.h */,
				A1195D271E73D43200535E11 /* NoNetNotifieViewController.m */,
				A1195D2C1E73D81E00535E11 /* NoNetTableViewCell.h */,
				A1195D2D1E73D81E00535E11 /* NoNetTableViewCell.m */,
				A1195D2E1E73D81E00535E11 /* NoNetTableViewCell.xib */,
			);
			path = EasyRTMP;
			sourceTree = "<group>";
		};
		F6C5102D1D858306001EB536 /* Supporting Files */ = {
			isa = PBXGroup;
			children = (
				F6C5102E1D858306001EB536 /* main.m */,
			);
			name = "Supporting Files";
			sourceTree = "<group>";
		};
		F6C510441D858319001EB536 /* EasyRTMPLib */ = {
			isa = PBXGroup;
			children = (
				A1DBC69C1E8C90BB001E25E8 /* EasyRTMPAPI.h */,
				A1DBC69D1E8C90BB001E25E8 /* EasyTypes.h */,
				A1DBC69E1E8C90BB001E25E8 /* libEasyRTMP.a */,
			);
			path = EasyRTMPLib;
			sourceTree = SOURCE_ROOT;
		};
		F6C510491D865516001EB536 /* Encoder */ = {
			isa = PBXGroup;
			children = (
				F6C5106F1D880B76001EB536 /* CameraEncoder.h */,
				F6C510701D880B76001EB536 /* CameraEncoder.m */,
				363856861DE340FE0052B0F9 /* ServerInfoViewController.h */,
				363856871DE340FE0052B0F9 /* ServerInfoViewController.m */,
				363856881DE340FE0052B0F9 /* ServerInfoViewController.xib */,
				F6C5105A1D8669DA001EB536 /* Codec */,
				A1195C551E69A22300535E11 /* EasyResolutionViewController.h */,
				A1195C561E69A22300535E11 /* EasyResolutionViewController.m */,
				A1195C571E69A22300535E11 /* EasyResolutionViewController.xib */,
			);
			path = Encoder;
			sourceTree = SOURCE_ROOT;
		};
		F6C5105A1D8669DA001EB536 /* Codec */ = {
			isa = PBXGroup;
			children = (
				F6C5105B1D8669DA001EB536 /* AACEncoder.h */,
				F6C5105C1D8669DA001EB536 /* AACEncoder.m */,
				F6C5105D1D8669DA001EB536 /* H264HWDecoder.h */,
				F6C5105E1D8669DA001EB536 /* H264HWDecoder.m */,
				F6C5105F1D8669DA001EB536 /* H264HWEncoder.h */,
				F6C510601D8669DA001EB536 /* H264HWEncoder.m */,
				F6C510611D8669DA001EB536 /* H264Packet.h */,
				F6C510621D8669DA001EB536 /* H264Packet.m */,
			);
			path = Codec;
			sourceTree = "<group>";
		};
/* End PBXGroup section */

/* Begin PBXNativeTarget section */
		F6C510291D858306001EB536 /* EasyRTMP */ = {
			isa = PBXNativeTarget;
			buildConfigurationList = F6C510411D858306001EB536 /* Build configuration list for PBXNativeTarget "EasyRTMP" */;
			buildPhases = (
				F6C510261D858306001EB536 /* Sources */,
				F6C510271D858306001EB536 /* Frameworks */,
				F6C510281D858306001EB536 /* Resources */,
			);
			buildRules = (
			);
			dependencies = (
			);
			name = EasyRTMP;
			productName = EasyPusher;
			productReference = F6C5102A1D858306001EB536 /* EasyRTMP.app */;
			productType = "com.apple.product-type.application";
		};
/* End PBXNativeTarget section */

/* Begin PBXProject section */
		F6C510221D858306001EB536 /* Project object */ = {
			isa = PBXProject;
			attributes = {
				LastUpgradeCheck = 0830;
				ORGANIZATIONNAME = phylony;
				TargetAttributes = {
					F6C510291D858306001EB536 = {
						CreatedOnToolsVersion = 7.3.1;
						DevelopmentTeam = 33USAS7KQX;
						ProvisioningStyle = Automatic;
					};
				};
			};
			buildConfigurationList = F6C510251D858306001EB536 /* Build configuration list for PBXProject "EasyRTMP" */;
			compatibilityVersion = "Xcode 3.2";
			developmentRegion = English;
			hasScannedForEncodings = 0;
			knownRegions = (
				en,
				Base,
			);
			mainGroup = F6C510211D858306001EB536;
			productRefGroup = F6C5102B1D858306001EB536 /* Products */;
			projectDirPath = "";
			projectRoot = "";
			targets = (
				F6C510291D858306001EB536 /* EasyRTMP */,
			);
		};
/* End PBXProject section */

/* Begin PBXResourcesBuildPhase section */
		F6C510281D858306001EB536 /* Resources */ = {
			isa = PBXResourcesBuildPhase;
			buildActionMask = 2147483647;
			files = (
				A1195C5E1E6A6FE200535E11 /* EasyDarwinInfoViewController.xib in Resources */,
				F6C5103D1D858306001EB536 /* LaunchScreen.storyboard in Resources */,
				A1195C591E69A22300535E11 /* EasyResolutionViewController.xib in Resources */,
				F6C5103A1D858306001EB536 /* Assets.xcassets in Resources */,
				A17DCC9B1E98959600230574 /* EasyRTMP.png in Resources */,
				F6C510381D858306001EB536 /* Main.storyboard in Resources */,
				A1195D301E73D81E00535E11 /* NoNetTableViewCell.xib in Resources */,
				3638568A1DE340FE0052B0F9 /* ServerInfoViewController.xib in Resources */,
			);
			runOnlyForDeploymentPostprocessing = 0;
		};
/* End PBXResourcesBuildPhase section */

/* Begin PBXSourcesBuildPhase section */
		F6C510261D858306001EB536 /* Sources */ = {
			isa = PBXSourcesBuildPhase;
			buildActionMask = 2147483647;
			files = (
				A1195C581E69A22300535E11 /* EasyResolutionViewController.m in Sources */,
				F6C510651D8669DA001EB536 /* H264HWEncoder.m in Sources */,
				F6C510661D8669DA001EB536 /* H264Packet.m in Sources */,
				363856891DE340FE0052B0F9 /* ServerInfoViewController.m in Sources */,
				A1195D2F1E73D81E00535E11 /* NoNetTableViewCell.m in Sources */,
				F6C510351D858306001EB536 /* ViewController.m in Sources */,
				F6C510711D880B76001EB536 /* CameraEncoder.m in Sources */,
				A1195C5D1E6A6FE200535E11 /* EasyDarwinInfoViewController.m in Sources */,
				F6C510631D8669DA001EB536 /* AACEncoder.m in Sources */,
				A1195D291E73D43200535E11 /* NoNetNotifieViewController.m in Sources */,
				3622FEB81DE07CFA007B9A52 /* NSLayoutConstraint+PureLayout.m in Sources */,
				A175F55B1E24D32F00C76B21 /* EasySetingViewController.m in Sources */,
				F6C510641D8669DA001EB536 /* H264HWDecoder.m in Sources */,
				F6C510321D858306001EB536 /* AppDelegate.m in Sources */,
				F6C5102F1D858306001EB536 /* main.m in Sources */,
				3622FEB71DE07CFA007B9A52 /* NSArray+PureLayout.m in Sources */,
				3622FEB61DE07CFA007B9A52 /* ALView+PureLayout.m in Sources */,
			);
			runOnlyForDeploymentPostprocessing = 0;
		};
/* End PBXSourcesBuildPhase section */

/* Begin PBXVariantGroup section */
		F6C510361D858306001EB536 /* Main.storyboard */ = {
			isa = PBXVariantGroup;
			children = (
				F6C510371D858306001EB536 /* Base */,
			);
			name = Main.storyboard;
			sourceTree = "<group>";
		};
		F6C5103B1D858306001EB536 /* LaunchScreen.storyboard */ = {
			isa = PBXVariantGroup;
			children = (
				F6C5103C1D858306001EB536 /* Base */,
			);
			name = LaunchScreen.storyboard;
			sourceTree = "<group>";
		};
/* End PBXVariantGroup section */

/* Begin XCBuildConfiguration section */
		F6C5103F1D858306001EB536 /* Debug */ = {
			isa = XCBuildConfiguration;
			buildSettings = {
				ALWAYS_SEARCH_USER_PATHS = NO;
				CLANG_ANALYZER_NONNULL = YES;
				CLANG_CXX_LANGUAGE_STANDARD = "gnu++0x";
				CLANG_CXX_LIBRARY = "libc++";
				CLANG_ENABLE_MODULES = YES;
				CLANG_ENABLE_OBJC_ARC = YES;
				CLANG_WARN_BOOL_CONVERSION = YES;
				CLANG_WARN_CONSTANT_CONVERSION = YES;
				CLANG_WARN_DIRECT_OBJC_ISA_USAGE = YES_ERROR;
				CLANG_WARN_EMPTY_BODY = YES;
				CLANG_WARN_ENUM_CONVERSION = YES;
				CLANG_WARN_INFINITE_RECURSION = YES;
				CLANG_WARN_INT_CONVERSION = YES;
				CLANG_WARN_OBJC_ROOT_CLASS = YES_ERROR;
				CLANG_WARN_SUSPICIOUS_MOVE = YES;
				CLANG_WARN_UNREACHABLE_CODE = YES;
				CLANG_WARN__DUPLICATE_METHOD_MATCH = YES;
				CODE_SIGN_IDENTITY = "";
				"CODE_SIGN_IDENTITY[sdk=iphoneos*]" = "";
				COPY_PHASE_STRIP = NO;
				DEBUG_INFORMATION_FORMAT = dwarf;
				DEVELOPMENT_TEAM = DNN39LJ53Q;
				ENABLE_BITCODE = NO;
				ENABLE_STRICT_OBJC_MSGSEND = YES;
				ENABLE_TESTABILITY = YES;
				GCC_C_LANGUAGE_STANDARD = gnu99;
				GCC_DYNAMIC_NO_PIC = NO;
				GCC_NO_COMMON_BLOCKS = YES;
				GCC_OPTIMIZATION_LEVEL = 0;
				GCC_PREPROCESSOR_DEFINITIONS = (
					"DEBUG=1",
					"$(inherited)",
				);
				GCC_WARN_64_TO_32_BIT_CONVERSION = YES;
				GCC_WARN_ABOUT_RETURN_TYPE = YES_ERROR;
				GCC_WARN_UNDECLARED_SELECTOR = YES;
				GCC_WARN_UNINITIALIZED_AUTOS = YES_AGGRESSIVE;
				GCC_WARN_UNUSED_FUNCTION = YES;
				GCC_WARN_UNUSED_VARIABLE = YES;
				IPHONEOS_DEPLOYMENT_TARGET = 8.0;
				MTL_ENABLE_DEBUG_INFO = YES;
				ONLY_ACTIVE_ARCH = YES;
				PROVISIONING_PROFILE = "";
				PROVISIONING_PROFILE_SPECIFIER = "";
				SDKROOT = iphoneos;
				TARGETED_DEVICE_FAMILY = "1,2";
			};
			name = Debug;
		};
		F6C510401D858306001EB536 /* Release */ = {
			isa = XCBuildConfiguration;
			buildSettings = {
				ALWAYS_SEARCH_USER_PATHS = NO;
				CLANG_ANALYZER_NONNULL = YES;
				CLANG_CXX_LANGUAGE_STANDARD = "gnu++0x";
				CLANG_CXX_LIBRARY = "libc++";
				CLANG_ENABLE_MODULES = YES;
				CLANG_ENABLE_OBJC_ARC = YES;
				CLANG_WARN_BOOL_CONVERSION = YES;
				CLANG_WARN_CONSTANT_CONVERSION = YES;
				CLANG_WARN_DIRECT_OBJC_ISA_USAGE = YES_ERROR;
				CLANG_WARN_EMPTY_BODY = YES;
				CLANG_WARN_ENUM_CONVERSION = YES;
				CLANG_WARN_INFINITE_RECURSION = YES;
				CLANG_WARN_INT_CONVERSION = YES;
				CLANG_WARN_OBJC_ROOT_CLASS = YES_ERROR;
				CLANG_WARN_SUSPICIOUS_MOVE = YES;
				CLANG_WARN_UNREACHABLE_CODE = YES;
				CLANG_WARN__DUPLICATE_METHOD_MATCH = YES;
				CODE_SIGN_IDENTITY = "";
				"CODE_SIGN_IDENTITY[sdk=iphoneos*]" = "";
				COPY_PHASE_STRIP = NO;
				DEBUG_INFORMATION_FORMAT = "dwarf-with-dsym";
				DEVELOPMENT_TEAM = DNN39LJ53Q;
				ENABLE_BITCODE = NO;
				ENABLE_NS_ASSERTIONS = NO;
				ENABLE_STRICT_OBJC_MSGSEND = YES;
				GCC_C_LANGUAGE_STANDARD = gnu99;
				GCC_NO_COMMON_BLOCKS = YES;
				GCC_WARN_64_TO_32_BIT_CONVERSION = YES;
				GCC_WARN_ABOUT_RETURN_TYPE = YES_ERROR;
				GCC_WARN_UNDECLARED_SELECTOR = YES;
				GCC_WARN_UNINITIALIZED_AUTOS = YES_AGGRESSIVE;
				GCC_WARN_UNUSED_FUNCTION = YES;
				GCC_WARN_UNUSED_VARIABLE = YES;
				IPHONEOS_DEPLOYMENT_TARGET = 8.0;
				MTL_ENABLE_DEBUG_INFO = NO;
				PROVISIONING_PROFILE = "";
				PROVISIONING_PROFILE_SPECIFIER = "";
				SDKROOT = iphoneos;
				TARGETED_DEVICE_FAMILY = "1,2";
				VALIDATE_PRODUCT = YES;
			};
			name = Release;
		};
		F6C510421D858306001EB536 /* Debug */ = {
			isa = XCBuildConfiguration;
			buildSettings = {
				ALWAYS_SEARCH_USER_PATHS = NO;
				ASSETCATALOG_COMPILER_APPICON_NAME = AppIcon;
				CODE_SIGN_IDENTITY = "iPhone Developer";
				"CODE_SIGN_IDENTITY[sdk=iphoneos*]" = "iPhone Developer";
				DEVELOPMENT_TEAM = 33USAS7KQX;
				ENABLE_BITCODE = NO;
				HEADER_SEARCH_PATHS = "";
				INFOPLIST_FILE = EasyRTMP/Info.plist;
				IPHONEOS_DEPLOYMENT_TARGET = 8.0;
				LD_RUNPATH_SEARCH_PATHS = "$(inherited) @executable_path/Frameworks";
				LIBRARY_SEARCH_PATHS = (
					"$(inherited)",
					"$(PROJECT_DIR)/EasyRTMPLib",
				);
				ONLY_ACTIVE_ARCH = YES;
				OTHER_LDFLAGS = "-ObjC";
				PRODUCT_BUNDLE_IDENTIFIER = org.easydarwin.easydarwinrtmp;
				PRODUCT_NAME = "$(TARGET_NAME)";
				PROVISIONING_PROFILE = "";
				PROVISIONING_PROFILE_SPECIFIER = "";
				TARGETED_DEVICE_FAMILY = 1;
				USER_HEADER_SEARCH_PATHS = "";
				VALID_ARCHS = "armv7 arm64 armv7s";
			};
			name = Debug;
		};
		F6C510431D858306001EB536 /* Release */ = {
			isa = XCBuildConfiguration;
			buildSettings = {
				ALWAYS_SEARCH_USER_PATHS = NO;
				ASSETCATALOG_COMPILER_APPICON_NAME = AppIcon;
				CODE_SIGN_IDENTITY = "iPhone Developer";
				"CODE_SIGN_IDENTITY[sdk=iphoneos*]" = "iPhone Developer";
				DEVELOPMENT_TEAM = 33USAS7KQX;
				ENABLE_BITCODE = NO;
				HEADER_SEARCH_PATHS = "";
				INFOPLIST_FILE = EasyRTMP/Info.plist;
				IPHONEOS_DEPLOYMENT_TARGET = 8.0;
				LD_RUNPATH_SEARCH_PATHS = "$(inherited) @executable_path/Frameworks";
				LIBRARY_SEARCH_PATHS = (
					"$(inherited)",
					"$(PROJECT_DIR)/EasyRTMPLib",
				);
				ONLY_ACTIVE_ARCH = NO;
				OTHER_LDFLAGS = "-ObjC";
				PRODUCT_BUNDLE_IDENTIFIER = org.easydarwin.easydarwinrtmp;
				PRODUCT_NAME = "$(TARGET_NAME)";
				PROVISIONING_PROFILE = "";
				PROVISIONING_PROFILE_SPECIFIER = "";
				TARGETED_DEVICE_FAMILY = 1;
				USER_HEADER_SEARCH_PATHS = "";
				VALID_ARCHS = "armv7 arm64 armv7s";
			};
			name = Release;
		};
/* End XCBuildConfiguration section */

/* Begin XCConfigurationList section */
		F6C510251D858306001EB536 /* Build configuration list for PBXProject "EasyRTMP" */ = {
			isa = XCConfigurationList;
			buildConfigurations = (
				F6C5103F1D858306001EB536 /* Debug */,
				F6C510401D858306001EB536 /* Release */,
			);
			defaultConfigurationIsVisible = 0;
			defaultConfigurationName = Release;
		};
		F6C510411D858306001EB536 /* Build configuration list for PBXNativeTarget "EasyRTMP" */ = {
			isa = XCConfigurationList;
			buildConfigurations = (
				F6C510421D858306001EB536 /* Debug */,
				F6C510431D858306001EB536 /* Release */,
			);
			defaultConfigurationIsVisible = 0;
			defaultConfigurationName = Release;
		};
/* End XCConfigurationList section */
	};
	rootObject = F6C510221D858306001EB536 /* Project object */;
}
